
Microsoft Visual Studio Solution File, Format Version 12.00
# Visual Studio 2013
VisualStudioVersion = 12.0.31101.0
MinimumVisualStudioVersion = 10.0.40219.1
Project("{FAE04EC0-301F-11D3-BF4B-00C04F79EFBC}") = "IdmGenerateModels", "IdmGenerateModels\IdmGenerateModels.csproj", "{98EC9F3F-5DC4-4A07-9A72-C783415A5265}"
EndProject
Project("{FAE04EC0-301F-11D3-BF4B-00C04F79EFBC}") = "IdmGenerateModels.Tests", "IdmGenerateModels.Tests\IdmGenerateModels.Tests.csproj", "{D1365EF7-B129-4D8E-AB77-54F7948C78C8}"
EndProject
Global
	GlobalSection(SolutionConfigurationPlatforms) = preSolution
		Debug|Any CPU = Debug|Any CPU
		Release|Any CPU = Release|Any CPU
	EndGlobalSection
	GlobalSection(ProjectConfigurationPlatforms) = postSolution
		{98EC9F3F-5DC4-4A07-9A72-C783415A5265}.Debug|Any CPU.ActiveCfg = Debug|Any CPU
		{98EC9F3F-5DC4-4A07-9A72-C783415A5265}.Debug|Any CPU.Build.0 = Debug|Any CPU
		{98EC9F3F-5DC4-4A07-9A72-C783415A5265}.Release|Any CPU.ActiveCfg = Release|Any CPU
		{98EC9F3F-5DC4-4A07-9A72-C783415A5265}.Release|Any CPU.Build.0 = Release|Any CPU
		{D1365EF7-B129-4D8E-AB77-54F7948C78C8}.Debug|Any CPU.ActiveCfg = Debug|Any CPU
		{D1365EF7-B129-4D8E-AB77-54F7948C78C8}.Debug|Any CPU.Build.0 = Debug|Any CPU
		{D1365EF7-B129-4D8E-AB77-54F7948C78C8}.Release|Any CPU.ActiveCfg = Release|Any CPU
		{D1365EF7-B129-4D8E-AB77-54F7948C78C8}.Release|Any CPU.Build.0 = Release|Any CPU
	EndGlobalSection
	GlobalSection(SolutionProperties) = preSolution
		HideSolutionNode = FALSE
	EndGlobalSection
EndGlobal
